
Microsoft Visual Studio Solution File, Format Version 12.00
# Visual Studio Version 17
VisualStudioVersion = 17.3.32929.385
MinimumVisualStudioVersion = 10.0.40219.1
Project("{FAE04EC0-301F-11D3-BF4B-00C04F79EFBC}") = "AirportSample", "AirportSample\AirportSample.csproj", "{3DA8D8E5-04B3-400C-8E21-271718FC6304}"
EndProject
Global
	GlobalSection(SolutionConfigurationPlatforms) = preSolution
		Debug|Any CPU = Debug|Any CPU
		Release|Any CPU = Release|Any CPU
	EndGlobalSection
	GlobalSection(ProjectConfigurationPlatforms) = postSolution
		{3DA8D8E5-04B3-400C-8E21-271718FC6304}.Debug|Any CPU.ActiveCfg = Debug|Any CPU
		{3DA8D8E5-04B3-400C-8E21-271718FC6304}.Debug|Any CPU.Build.0 = Debug|Any CPU
		{3DA8D8E5-04B3-400C-8E21-271718FC6304}.Release|Any CPU.ActiveCfg = Release|Any CPU
		{3DA8D8E5-04B3-400C-8E21-271718FC6304}.Release|Any CPU.Build.0 = Release|Any CPU
	EndGlobalSection
	GlobalSection(SolutionProperties) = preSolution
		HideSolutionNode = FALSE
	EndGlobalSection
	GlobalSection(ExtensibilityGlobals) = postSolution
		SolutionGuid = {BD18AC22-4BB2-4F5F-8D1B-A4B4D08AFC70}
	EndGlobalSection
EndGlobal
